
Microsoft Visual Studio Solution File, Format Version 12.00
# Visual Studio 15
VisualStudioVersion = 15.0.28307.421
MinimumVisualStudioVersion = 10.0.40219.1
Project("{FAE04EC0-301F-11D3-BF4B-00C04F79EFBC}") = "MotorCycle", "MotorCycle\MotorCycle.csproj", "{A8EFBBBB-BED9-4F18-BBD5-A69647AB99BB}"
EndProject
Global
	GlobalSection(SolutionConfigurationPlatforms) = preSolution
		Debug|Any CPU = Debug|Any CPU
		Release|Any CPU = Release|Any CPU
	EndGlobalSection
	GlobalSection(ProjectConfigurationPlatforms) = postSolution
		{A8EFBBBB-BED9-4F18-BBD5-A69647AB99BB}.Debug|Any CPU.ActiveCfg = Debug|Any CPU
		{A8EFBBBB-BED9-4F18-BBD5-A69647AB99BB}.Debug|Any CPU.Build.0 = Debug|Any CPU
		{A8EFBBBB-BED9-4F18-BBD5-A69647AB99BB}.Release|Any CPU.ActiveCfg = Release|Any CPU
		{A8EFBBBB-BED9-4F18-BBD5-A69647AB99BB}.Release|Any CPU.Build.0 = Release|Any CPU
	EndGlobalSection
	GlobalSection(SolutionProperties) = preSolution
		HideSolutionNode = FALSE
	EndGlobalSection
	GlobalSection(ExtensibilityGlobals) = postSolution
		SolutionGuid = {B970D658-46FC-4A47-80F4-10E5C9A3E711}
	EndGlobalSection
EndGlobal
